
Microsoft Visual Studio Solution File, Format Version 12.00
# Visual Studio Version 17
VisualStudioVersion = 17.6.33829.357
MinimumVisualStudioVersion = 10.0.40219.1
Project("{9A19103F-16F7-4668-BE54-9A1E7A4F7556}") = "Server Host", "Server Host.csproj", "{D204DE85-560B-4827-B278-D18BCAE6DFCF}"
EndProject
Project("{2150E333-8FDC-42A3-9474-1A3956D46DE8}") = "Solution Items", "Solution Items", "{E9CB549A-22B9-4829-AFD6-FFEB6EF21C7F}"
	ProjectSection(SolutionItems) = preProject
		.editorconfig = .editorconfig
	EndProjectSection
EndProject
Global
	GlobalSection(SolutionConfigurationPlatforms) = preSolution
		Debug|Any CPU = Debug|Any CPU
		Release|Any CPU = Release|Any CPU
	EndGlobalSection
	GlobalSection(ProjectConfigurationPlatforms) = postSolution
		{D204DE85-560B-4827-B278-D18BCAE6DFCF}.Debug|Any CPU.ActiveCfg = Debug|Any CPU
		{D204DE85-560B-4827-B278-D18BCAE6DFCF}.Debug|Any CPU.Build.0 = Debug|Any CPU
		{D204DE85-560B-4827-B278-D18BCAE6DFCF}.Release|Any CPU.ActiveCfg = Release|Any CPU
		{D204DE85-560B-4827-B278-D18BCAE6DFCF}.Release|Any CPU.Build.0 = Release|Any CPU
	EndGlobalSection
	GlobalSection(SolutionProperties) = preSolution
		HideSolutionNode = FALSE
	EndGlobalSection
	GlobalSection(ExtensibilityGlobals) = postSolution
		SolutionGuid = {485EE1E8-DFE6-4397-A0EA-7E9D851A31CB}
	EndGlobalSection
EndGlobal
